
Microsoft Visual Studio Solution File, Format Version 12.00
Project("{FAE04EC0-301F-11D3-BF4B-00C04F79EFBC}") = "WindowsCredencialManagerExample", "WindowsCredencialManagerExample\WindowsCredencialManagerExample.csproj", "{75332DC8-113D-4816-B111-EBFDFCA98BAF}"
EndProject
Global
	GlobalSection(SolutionConfigurationPlatforms) = preSolution
		Debug|Any CPU = Debug|Any CPU
		Release|Any CPU = Release|Any CPU
	EndGlobalSection
	GlobalSection(ProjectConfigurationPlatforms) = postSolution
		{75332DC8-113D-4816-B111-EBFDFCA98BAF}.Debug|Any CPU.ActiveCfg = Debug|Any CPU
		{75332DC8-113D-4816-B111-EBFDFCA98BAF}.Debug|Any CPU.Build.0 = Debug|Any CPU
		{75332DC8-113D-4816-B111-EBFDFCA98BAF}.Release|Any CPU.ActiveCfg = Release|Any CPU
		{75332DC8-113D-4816-B111-EBFDFCA98BAF}.Release|Any CPU.Build.0 = Release|Any CPU
	EndGlobalSection
EndGlobal
